// !$*UTF8*$!
{
	archiveVersion = 1;
	classes = {
	};
	objectVersion = 51;
	objects = {

/* Begin PBXBuildFile section */
		06D5E2E3A8CB5B970886216A /* Pods_Promobit_Contatos_Promobit_ContatosUITests.framework in Frameworks */ = {isa = PBXBuildFile; fileRef = C58242E67B6E007C5730DD58 /* Pods_Promobit_Contatos_Promobit_ContatosUITests.framework */; };
		29B8E9CDC6B1CD9FD1F08F28 /* Pods_Promobit_ContatosTests.framework in Frameworks */ = {isa = PBXBuildFile; fileRef = 68CF261EC9C6846D3CDEB9A9 /* Pods_Promobit_ContatosTests.framework */; };
		94594DBE2631C0DE00978259 /* Inserir+AlterarViewController.swift in Sources */ = {isa = PBXBuildFile; fileRef = 94594DBD2631C0DE00978259 /* Inserir+AlterarViewController.swift */; };
		94594DC32631D05400978259 /* InsereAltera.storyboard in Resources */ = {isa = PBXBuildFile; fileRef = 94594DC22631D05400978259 /* InsereAltera.storyboard */; };
		9466357D262DE4C200F848B8 /* AppDelegate.swift in Sources */ = {isa = PBXBuildFile; fileRef = 9466357C262DE4C200F848B8 /* AppDelegate.swift */; };
		9466357F262DE4C200F848B8 /* SceneDelegate.swift in Sources */ = {isa = PBXBuildFile; fileRef = 9466357E262DE4C200F848B8 /* SceneDelegate.swift */; };
		94663581262DE4C200F848B8 /* ViewController.swift in Sources */ = {isa = PBXBuildFile; fileRef = 94663580262DE4C200F848B8 /* ViewController.swift */; };
		94663584262DE4C200F848B8 /* Main.storyboard in Resources */ = {isa = PBXBuildFile; fileRef = 94663582262DE4C200F848B8 /* Main.storyboard */; };
		94663586262DE4CB00F848B8 /* Assets.xcassets in Resources */ = {isa = PBXBuildFile; fileRef = 94663585262DE4CB00F848B8 /* Assets.xcassets */; };
		94663589262DE4CB00F848B8 /* LaunchScreen.storyboard in Resources */ = {isa = PBXBuildFile; fileRef = 94663587262DE4CB00F848B8 /* LaunchScreen.storyboard */; };
		94663594262DE4CB00F848B8 /* Promobit_ContatosTests.swift in Sources */ = {isa = PBXBuildFile; fileRef = 94663593262DE4CB00F848B8 /* Promobit_ContatosTests.swift */; };
		9466359F262DE4CB00F848B8 /* Promobit_ContatosUITests.swift in Sources */ = {isa = PBXBuildFile; fileRef = 9466359E262DE4CB00F848B8 /* Promobit_ContatosUITests.swift */; };
		94663682262E53F600F848B8 /* SWRevealViewController.m in Sources */ = {isa = PBXBuildFile; fileRef = 9466367F262E53F500F848B8 /* SWRevealViewController.m */; };
		94663683262E53F600F848B8 /* SidebarViewController.m in Sources */ = {isa = PBXBuildFile; fileRef = 94663680262E53F500F848B8 /* SidebarViewController.m */; };
		94663695262E693600F848B8 /* ContatosCell.swift in Sources */ = {isa = PBXBuildFile; fileRef = 94663694262E693600F848B8 /* ContatosCell.swift */; };
		9466378E262FAE9300F848B8 /* RestAPI.swift in Sources */ = {isa = PBXBuildFile; fileRef = 9466378D262FAE9300F848B8 /* RestAPI.swift */; };
		946637932630441F00F848B8 /* ContatoModel.swift in Sources */ = {isa = PBXBuildFile; fileRef = 946637922630441F00F848B8 /* ContatoModel.swift */; };
		946637A4263088B600F848B8 /* product.swift in Sources */ = {isa = PBXBuildFile; fileRef = 946637A3263088B600F848B8 /* product.swift */; };
		94879E712631EA5B00E13731 /* Reachability.m in Sources */ = {isa = PBXBuildFile; fileRef = 94879E702631EA5B00E13731 /* Reachability.m */; };
		94879E792631EAB300E13731 /* Internet.swift in Sources */ = {isa = PBXBuildFile; fileRef = 94879E782631EAB300E13731 /* Internet.swift */; };
		BD62543F0BE3178E8FED4341 /* Pods_Promobit_Contatos.framework in Frameworks */ = {isa = PBXBuildFile; fileRef = 6BA68691A89D56B7AF89F419 /* Pods_Promobit_Contatos.framework */; };
/* End PBXBuildFile section */

/* Begin PBXContainerItemProxy section */
		94663590262DE4CB00F848B8 /* PBXContainerItemProxy */ = {
			isa = PBXContainerItemProxy;
			containerPortal = 94663571262DE4C200F848B8 /* Project object */;
			proxyType = 1;
			remoteGlobalIDString = 94663578262DE4C200F848B8;
			remoteInfo = "Promobit-Contatos";
		};
		9466359B262DE4CB00F848B8 /* PBXContainerItemProxy */ = {
			isa = PBXContainerItemProxy;
			containerPortal = 94663571262DE4C200F848B8 /* Project object */;
			proxyType = 1;
			remoteGlobalIDString = 94663578262DE4C200F848B8;
			remoteInfo = "Promobit-Contatos";
		};
/* End PBXContainerItemProxy section */

/* Begin PBXFileReference section */
		438EA22BB9E66859A696D15E /* Pods-Promobit-Contatos.debug.xcconfig */ = {isa = PBXFileReference; includeInIndex = 1; lastKnownFileType = text.xcconfig; name = "Pods-Promobit-Contatos.debug.xcconfig"; path = "Target Support Files/Pods-Promobit-Contatos/Pods-Promobit-Contatos.debug.xcconfig"; sourceTree = "<group>"; };
		490421A97565A22188D30B49 /* Pods-Promobit-Contatos.release.xcconfig */ = {isa = PBXFileReference; includeInIndex = 1; lastKnownFileType = text.xcconfig; name = "Pods-Promobit-Contatos.release.xcconfig"; path = "Target Support Files/Pods-Promobit-Contatos/Pods-Promobit-Contatos.release.xcconfig"; sourceTree = "<group>"; };
		57D7B2E4022FD3ACA5E8566D /* Pods-Promobit-Contatos-Promobit-ContatosUITests.release.xcconfig */ = {isa = PBXFileReference; includeInIndex = 1; lastKnownFileType = text.xcconfig; name = "Pods-Promobit-Contatos-Promobit-ContatosUITests.release.xcconfig"; path = "Target Support Files/Pods-Promobit-Contatos-Promobit-ContatosUITests/Pods-Promobit-Contatos-Promobit-ContatosUITests.release.xcconfig"; sourceTree = "<group>"; };
		68CF261EC9C6846D3CDEB9A9 /* Pods_Promobit_ContatosTests.framework */ = {isa = PBXFileReference; explicitFileType = wrapper.framework; includeInIndex = 0; path = Pods_Promobit_ContatosTests.framework; sourceTree = BUILT_PRODUCTS_DIR; };
		6A728020C3D896FD704E554F /* Pods-Promobit-ContatosTests.debug.xcconfig */ = {isa = PBXFileReference; includeInIndex = 1; lastKnownFileType = text.xcconfig; name = "Pods-Promobit-ContatosTests.debug.xcconfig"; path = "Target Support Files/Pods-Promobit-ContatosTests/Pods-Promobit-ContatosTests.debug.xcconfig"; sourceTree = "<group>"; };
		6BA68691A89D56B7AF89F419 /* Pods_Promobit_Contatos.framework */ = {isa = PBXFileReference; explicitFileType = wrapper.framework; includeInIndex = 0; path = Pods_Promobit_Contatos.framework; sourceTree = BUILT_PRODUCTS_DIR; };
		93430D638CCB5022DBFEDB21 /* Pods-Promobit-ContatosTests.release.xcconfig */ = {isa = PBXFileReference; includeInIndex = 1; lastKnownFileType = text.xcconfig; name = "Pods-Promobit-ContatosTests.release.xcconfig"; path = "Target Support Files/Pods-Promobit-ContatosTests/Pods-Promobit-ContatosTests.release.xcconfig"; sourceTree = "<group>"; };
		94594DBD2631C0DE00978259 /* Inserir+AlterarViewController.swift */ = {isa = PBXFileReference; lastKnownFileType = sourcecode.swift; path = "Inserir+AlterarViewController.swift"; sourceTree = "<group>"; };
		94594DC22631D05400978259 /* InsereAltera.storyboard */ = {isa = PBXFileReference; lastKnownFileType = file.storyboard; path = InsereAltera.storyboard; sourceTree = "<group>"; };
		94663579262DE4C200F848B8 /* Promobit-Contatos.app */ = {isa = PBXFileReference; explicitFileType = wrapper.application; includeInIndex = 0; path = "Promobit-Contatos.app"; sourceTree = BUILT_PRODUCTS_DIR; };
		9466357C262DE4C200F848B8 /* AppDelegate.swift */ = {isa = PBXFileReference; lastKnownFileType = sourcecode.swift; path = AppDelegate.swift; sourceTree = "<group>"; };
		9466357E262DE4C200F848B8 /* SceneDelegate.swift */ = {isa = PBXFileReference; lastKnownFileType = sourcecode.swift; path = SceneDelegate.swift; sourceTree = "<group>"; };
		94663580262DE4C200F848B8 /* ViewController.swift */ = {isa = PBXFileReference; lastKnownFileType = sourcecode.swift; path = ViewController.swift; sourceTree = "<group>"; };
		94663583262DE4C200F848B8 /* Base */ = {isa = PBXFileReference; lastKnownFileType = file.storyboard; name = Base; path = Base.lproj/Main.storyboard; sourceTree = "<group>"; };
		94663585262DE4CB00F848B8 /* Assets.xcassets */ = {isa = PBXFileReference; lastKnownFileType = folder.assetcatalog; path = Assets.xcassets; sourceTree = "<group>"; };
		94663588262DE4CB00F848B8 /* Base */ = {isa = PBXFileReference; lastKnownFileType = file.storyboard; name = Base; path = Base.lproj/LaunchScreen.storyboard; sourceTree = "<group>"; };
		9466358A262DE4CB00F848B8 /* Info.plist */ = {isa = PBXFileReference; lastKnownFileType = text.plist.xml; path = Info.plist; sourceTree = "<group>"; };
		9466358F262DE4CB00F848B8 /* Promobit-ContatosTests.xctest */ = {isa = PBXFileReference; explicitFileType = wrapper.cfbundle; includeInIndex = 0; path = "Promobit-ContatosTests.xctest"; sourceTree = BUILT_PRODUCTS_DIR; };
		94663593262DE4CB00F848B8 /* Promobit_ContatosTests.swift */ = {isa = PBXFileReference; lastKnownFileType = sourcecode.swift; path = Promobit_ContatosTests.swift; sourceTree = "<group>"; };
		94663595262DE4CB00F848B8 /* Info.plist */ = {isa = PBXFileReference; lastKnownFileType = text.plist.xml; path = Info.plist; sourceTree = "<group>"; };
		9466359A262DE4CB00F848B8 /* Promobit-ContatosUITests.xctest */ = {isa = PBXFileReference; explicitFileType = wrapper.cfbundle; includeInIndex = 0; path = "Promobit-ContatosUITests.xctest"; sourceTree = BUILT_PRODUCTS_DIR; };
		9466359E262DE4CB00F848B8 /* Promobit_ContatosUITests.swift */ = {isa = PBXFileReference; lastKnownFileType = sourcecode.swift; path = Promobit_ContatosUITests.swift; sourceTree = "<group>"; };
		946635A0262DE4CB00F848B8 /* Info.plist */ = {isa = PBXFileReference; lastKnownFileType = text.plist.xml; path = Info.plist; sourceTree = "<group>"; };
		9466367D262E53F400F848B8 /* Promobit-Contatos-Bridging-Header.h */ = {isa = PBXFileReference; lastKnownFileType = sourcecode.c.h; path = "Promobit-Contatos-Bridging-Header.h"; sourceTree = "<group>"; };
		9466367E262E53F500F848B8 /* SWRevealViewController.h */ = {isa = PBXFileReference; fileEncoding = 4; lastKnownFileType = sourcecode.c.h; path = SWRevealViewController.h; sourceTree = "<group>"; };
		9466367F262E53F500F848B8 /* SWRevealViewController.m */ = {isa = PBXFileReference; fileEncoding = 4; lastKnownFileType = sourcecode.c.objc; path = SWRevealViewController.m; sourceTree = "<group>"; };
		94663680262E53F500F848B8 /* SidebarViewController.m */ = {isa = PBXFileReference; fileEncoding = 4; lastKnownFileType = sourcecode.c.objc; path = SidebarViewController.m; sourceTree = "<group>"; };
		94663681262E53F600F848B8 /* SidebarViewController.h */ = {isa = PBXFileReference; fileEncoding = 4; lastKnownFileType = sourcecode.c.h; path = SidebarViewController.h; sourceTree = "<group>"; };
		94663694262E693600F848B8 /* ContatosCell.swift */ = {isa = PBXFileReference; lastKnownFileType = sourcecode.swift; path = ContatosCell.swift; sourceTree = "<group>"; };
		9466378D262FAE9300F848B8 /* RestAPI.swift */ = {isa = PBXFileReference; lastKnownFileType = sourcecode.swift; path = RestAPI.swift; sourceTree = "<group>"; };
		946637922630441F00F848B8 /* ContatoModel.swift */ = {isa = PBXFileReference; lastKnownFileType = sourcecode.swift; path = ContatoModel.swift; sourceTree = "<group>"; };
		946637A3263088B600F848B8 /* product.swift */ = {isa = PBXFileReference; lastKnownFileType = sourcecode.swift; path = product.swift; sourceTree = "<group>"; };
		94879E6F2631EA5B00E13731 /* Reachability.h */ = {isa = PBXFileReference; fileEncoding = 4; lastKnownFileType = sourcecode.c.h; path = Reachability.h; sourceTree = "<group>"; };
		94879E702631EA5B00E13731 /* Reachability.m */ = {isa = PBXFileReference; fileEncoding = 4; lastKnownFileType = sourcecode.c.objc; path = Reachability.m; sourceTree = "<group>"; };
		94879E782631EAB300E13731 /* Internet.swift */ = {isa = PBXFileReference; lastKnownFileType = sourcecode.swift; path = Internet.swift; sourceTree = "<group>"; };
		C58242E67B6E007C5730DD58 /* Pods_Promobit_Contatos_Promobit_ContatosUITests.framework */ = {isa = PBXFileReference; explicitFileType = wrapper.framework; includeInIndex = 0; path = Pods_Promobit_Contatos_Promobit_ContatosUITests.framework; sourceTree = BUILT_PRODUCTS_DIR; };
		F6F6F290F63A857D60EB2039 /* Pods-Promobit-Contatos-Promobit-ContatosUITests.debug.xcconfig */ = {isa = PBXFileReference; includeInIndex = 1; lastKnownFileType = text.xcconfig; name = "Pods-Promobit-Contatos-Promobit-ContatosUITests.debug.xcconfig"; path = "Target Support Files/Pods-Promobit-Contatos-Promobit-ContatosUITests/Pods-Promobit-Contatos-Promobit-ContatosUITests.debug.xcconfig"; sourceTree = "<group>"; };
/* End PBXFileReference section */

/* Begin PBXFrameworksBuildPhase section */
		94663576262DE4C200F848B8 /* Frameworks */ = {
			isa = PBXFrameworksBuildPhase;
			buildActionMask = 2147483647;
			files = (
				BD62543F0BE3178E8FED4341 /* Pods_Promobit_Contatos.framework in Frameworks */,
			);
			runOnlyForDeploymentPostprocessing = 0;
		};
		9466358C262DE4CB00F848B8 /* Frameworks */ = {
			isa = PBXFrameworksBuildPhase;
			buildActionMask = 2147483647;
			files = (
				29B8E9CDC6B1CD9FD1F08F28 /* Pods_Promobit_ContatosTests.framework in Frameworks */,
			);
			runOnlyForDeploymentPostprocessing = 0;
		};
		94663597262DE4CB00F848B8 /* Frameworks */ = {
			isa = PBXFrameworksBuildPhase;
			buildActionMask = 2147483647;
			files = (
				06D5E2E3A8CB5B970886216A /* Pods_Promobit_Contatos_Promobit_ContatosUITests.framework in Frameworks */,
			);
			runOnlyForDeploymentPostprocessing = 0;
		};
/* End PBXFrameworksBuildPhase section */

/* Begin PBXGroup section */
		94663570262DE4C200F848B8 = {
			isa = PBXGroup;
			children = (
				9466357B262DE4C200F848B8 /* Promobit-Contatos */,
				94663592262DE4CB00F848B8 /* Promobit-ContatosTests */,
				9466359D262DE4CB00F848B8 /* Promobit-ContatosUITests */,
				9466357A262DE4C200F848B8 /* Products */,
				DFBC958EFADAA97E5B9EC808 /* Pods */,
				C3B2DA974C051733E7A24256 /* Frameworks */,
			);
			sourceTree = "<group>";
		};
		9466357A262DE4C200F848B8 /* Products */ = {
			isa = PBXGroup;
			children = (
				94663579262DE4C200F848B8 /* Promobit-Contatos.app */,
				9466358F262DE4CB00F848B8 /* Promobit-ContatosTests.xctest */,
				9466359A262DE4CB00F848B8 /* Promobit-ContatosUITests.xctest */,
			);
			name = Products;
			sourceTree = "<group>";
		};
		9466357B262DE4C200F848B8 /* Promobit-Contatos */ = {
			isa = PBXGroup;
			children = (
				94879E6E2631EA4A00E13731 /* Internet */,
				94663774262F9D7500F848B8 /* Delegates */,
				94663775262F9DA600F848B8 /* Models */,
				94663773262F9D5100F848B8 /* Views */,
				94663776262F9DB600F848B8 /* Controllers */,
				9466367C262E53D800F848B8 /* Drawer */,
				94663778262F9DF900F848B8 /* Services */,
				94663585262DE4CB00F848B8 /* Assets.xcassets */,
				9466358A262DE4CB00F848B8 /* Info.plist */,
				946637A3263088B600F848B8 /* product.swift */,
			);
			path = "Promobit-Contatos";
			sourceTree = "<group>";
		};
		94663592262DE4CB00F848B8 /* Promobit-ContatosTests */ = {
			isa = PBXGroup;
			children = (
				94663593262DE4CB00F848B8 /* Promobit_ContatosTests.swift */,
				94663595262DE4CB00F848B8 /* Info.plist */,
			);
			path = "Promobit-ContatosTests";
			sourceTree = "<group>";
		};
		9466359D262DE4CB00F848B8 /* Promobit-ContatosUITests */ = {
			isa = PBXGroup;
			children = (
				9466359E262DE4CB00F848B8 /* Promobit_ContatosUITests.swift */,
				946635A0262DE4CB00F848B8 /* Info.plist */,
			);
			path = "Promobit-ContatosUITests";
			sourceTree = "<group>";
		};
		9466367C262E53D800F848B8 /* Drawer */ = {
			isa = PBXGroup;
			children = (
				94663681262E53F600F848B8 /* SidebarViewController.h */,
				94663680262E53F500F848B8 /* SidebarViewController.m */,
				9466367E262E53F500F848B8 /* SWRevealViewController.h */,
				9466367F262E53F500F848B8 /* SWRevealViewController.m */,
				9466367D262E53F400F848B8 /* Promobit-Contatos-Bridging-Header.h */,
			);
			path = Drawer;
			sourceTree = "<group>";
		};
		94663773262F9D5100F848B8 /* Views */ = {
			isa = PBXGroup;
			children = (
				94663587262DE4CB00F848B8 /* LaunchScreen.storyboard */,
				94663582262DE4C200F848B8 /* Main.storyboard */,
				94594DC22631D05400978259 /* InsereAltera.storyboard */,
			);
			path = Views;
			sourceTree = "<group>";
		};
		94663774262F9D7500F848B8 /* Delegates */ = {
			isa = PBXGroup;
			children = (
				9466357E262DE4C200F848B8 /* SceneDelegate.swift */,
				9466357C262DE4C200F848B8 /* AppDelegate.swift */,
			);
			path = Delegates;
			sourceTree = "<group>";
		};
		94663775262F9DA600F848B8 /* Models */ = {
			isa = PBXGroup;
			children = (
				946637922630441F00F848B8 /* ContatoModel.swift */,
			);
			path = Models;
			sourceTree = "<group>";
		};
		94663776262F9DB600F848B8 /* Controllers */ = {
			isa = PBXGroup;
			children = (
				94663580262DE4C200F848B8 /* ViewController.swift */,
				94663694262E693600F848B8 /* ContatosCell.swift */,
				94594DBD2631C0DE00978259 /* Inserir+AlterarViewController.swift */,
			);
			path = Controllers;
			sourceTree = "<group>";
		};
		94663778262F9DF900F848B8 /* Services */ = {
			isa = PBXGroup;
			children = (
				9466378D262FAE9300F848B8 /* RestAPI.swift */,
			);
			path = Services;
			sourceTree = "<group>";
		};
		94879E6E2631EA4A00E13731 /* Internet */ = {
			isa = PBXGroup;
			children = (
				94879E6F2631EA5B00E13731 /* Reachability.h */,
				94879E702631EA5B00E13731 /* Reachability.m */,
				94879E782631EAB300E13731 /* Internet.swift */,
			);
			path = Internet;
			sourceTree = "<group>";
		};
		C3B2DA974C051733E7A24256 /* Frameworks */ = {
			isa = PBXGroup;
			children = (
				6BA68691A89D56B7AF89F419 /* Pods_Promobit_Contatos.framework */,
				C58242E67B6E007C5730DD58 /* Pods_Promobit_Contatos_Promobit_ContatosUITests.framework */,
				68CF261EC9C6846D3CDEB9A9 /* Pods_Promobit_ContatosTests.framework */,
			);
			name = Frameworks;
			sourceTree = "<group>";
		};
		DFBC958EFADAA97E5B9EC808 /* Pods */ = {
			isa = PBXGroup;
			children = (
				438EA22BB9E66859A696D15E /* Pods-Promobit-Contatos.debug.xcconfig */,
				490421A97565A22188D30B49 /* Pods-Promobit-Contatos.release.xcconfig */,
				F6F6F290F63A857D60EB2039 /* Pods-Promobit-Contatos-Promobit-ContatosUITests.debug.xcconfig */,
				57D7B2E4022FD3ACA5E8566D /* Pods-Promobit-Contatos-Promobit-ContatosUITests.release.xcconfig */,
				6A728020C3D896FD704E554F /* Pods-Promobit-ContatosTests.debug.xcconfig */,
				93430D638CCB5022DBFEDB21 /* Pods-Promobit-ContatosTests.release.xcconfig */,
			);
			path = Pods;
			sourceTree = "<group>";
		};
/* End PBXGroup section */

/* Begin PBXNativeTarget section */
		94663578262DE4C200F848B8 /* Promobit-Contatos */ = {
			isa = PBXNativeTarget;
			buildConfigurationList = 946635A3262DE4CB00F848B8 /* Build configuration list for PBXNativeTarget "Promobit-Contatos" */;
			buildPhases = (
				6DB3E16BB63AAB3573661D67 /* [CP] Check Pods Manifest.lock */,
				94663575262DE4C200F848B8 /* Sources */,
				94663576262DE4C200F848B8 /* Frameworks */,
				94663577262DE4C200F848B8 /* Resources */,
				CE9EE8973C78058C10BDCCF3 /* [CP] Embed Pods Frameworks */,
			);
			buildRules = (
			);
			dependencies = (
			);
			name = "Promobit-Contatos";
			productName = "Promobit-Contatos";
			productReference = 94663579262DE4C200F848B8 /* Promobit-Contatos.app */;
			productType = "com.apple.product-type.application";
		};
		9466358E262DE4CB00F848B8 /* Promobit-ContatosTests */ = {
			isa = PBXNativeTarget;
			buildConfigurationList = 946635A6262DE4CB00F848B8 /* Build configuration list for PBXNativeTarget "Promobit-ContatosTests" */;
			buildPhases = (
				7E6523809172BC4D1432A002 /* [CP] Check Pods Manifest.lock */,
				9466358B262DE4CB00F848B8 /* Sources */,
				9466358C262DE4CB00F848B8 /* Frameworks */,
				9466358D262DE4CB00F848B8 /* Resources */,
			);
			buildRules = (
			);
			dependencies = (
				94663591262DE4CB00F848B8 /* PBXTargetDependency */,
			);
			name = "Promobit-ContatosTests";
			productName = "Promobit-ContatosTests";
			productReference = 9466358F262DE4CB00F848B8 /* Promobit-ContatosTests.xctest */;
			productType = "com.apple.product-type.bundle.unit-test";
		};
		94663599262DE4CB00F848B8 /* Promobit-ContatosUITests */ = {
			isa = PBXNativeTarget;
			buildConfigurationList = 946635A9262DE4CB00F848B8 /* Build configuration list for PBXNativeTarget "Promobit-ContatosUITests" */;
			buildPhases = (
				3D8F72BD5EE0660740D738D3 /* [CP] Check Pods Manifest.lock */,
				94663596262DE4CB00F848B8 /* Sources */,
				94663597262DE4CB00F848B8 /* Frameworks */,
				94663598262DE4CB00F848B8 /* Resources */,
				2F5434F5943B7AAF509ED7BC /* [CP] Embed Pods Frameworks */,
			);
			buildRules = (
			);
			dependencies = (
				9466359C262DE4CB00F848B8 /* PBXTargetDependency */,
			);
			name = "Promobit-ContatosUITests";
			productName = "Promobit-ContatosUITests";
			productReference = 9466359A262DE4CB00F848B8 /* Promobit-ContatosUITests.xctest */;
			productType = "com.apple.product-type.bundle.ui-testing";
		};
/* End PBXNativeTarget section */

/* Begin PBXProject section */
		94663571262DE4C200F848B8 /* Project object */ = {
			isa = PBXProject;
			attributes = {
				LastSwiftUpdateCheck = 1240;
				LastUpgradeCheck = 1240;
				TargetAttributes = {
					94663578262DE4C200F848B8 = {
						CreatedOnToolsVersion = 12.4;
						LastSwiftMigration = 1240;
					};
					9466358E262DE4CB00F848B8 = {
						CreatedOnToolsVersion = 12.4;
						TestTargetID = 94663578262DE4C200F848B8;
					};
					94663599262DE4CB00F848B8 = {
						CreatedOnToolsVersion = 12.4;
						TestTargetID = 94663578262DE4C200F848B8;
					};
				};
			};
			buildConfigurationList = 94663574262DE4C200F848B8 /* Build configuration list for PBXProject "Promobit-Contatos" */;
			compatibilityVersion = "Xcode 9.3";
			developmentRegion = en;
			hasScannedForEncodings = 0;
			knownRegions = (
				en,
				Base,
			);
			mainGroup = 94663570262DE4C200F848B8;
			productRefGroup = 9466357A262DE4C200F848B8 /* Products */;
			projectDirPath = "";
			projectRoot = "";
			targets = (
				94663578262DE4C200F848B8 /* Promobit-Contatos */,
				9466358E262DE4CB00F848B8 /* Promobit-ContatosTests */,
				94663599262DE4CB00F848B8 /* Promobit-ContatosUITests */,
			);
		};
/* End PBXProject section */

/* Begin PBXResourcesBuildPhase section */
		94663577262DE4C200F848B8 /* Resources */ = {
			isa = PBXResourcesBuildPhase;
			buildActionMask = 2147483647;
			files = (
				94663589262DE4CB00F848B8 /* LaunchScreen.storyboard in Resources */,
				94663586262DE4CB00F848B8 /* Assets.xcassets in Resources */,
				94594DC32631D05400978259 /* InsereAltera.storyboard in Resources */,
				94663584262DE4C200F848B8 /* Main.storyboard in Resources */,
			);
			runOnlyForDeploymentPostprocessing = 0;
		};
		9466358D262DE4CB00F848B8 /* Resources */ = {
			isa = PBXResourcesBuildPhase;
			buildActionMask = 2147483647;
			files = (
			);
			runOnlyForDeploymentPostprocessing = 0;
		};
		94663598262DE4CB00F848B8 /* Resources */ = {
			isa = PBXResourcesBuildPhase;
			buildActionMask = 2147483647;
			files = (
			);
			runOnlyForDeploymentPostprocessing = 0;
		};
/* End PBXResourcesBuildPhase section */

/* Begin PBXShellScriptBuildPhase section */
		2F5434F5943B7AAF509ED7BC /* [CP] Embed Pods Frameworks */ = {
			isa = PBXShellScriptBuildPhase;
			buildActionMask = 2147483647;
			files = (
			);
			inputFileListPaths = (
				"${PODS_ROOT}/Target Support Files/Pods-Promobit-Contatos-Promobit-ContatosUITests/Pods-Promobit-Contatos-Promobit-ContatosUITests-frameworks-${CONFIGURATION}-input-files.xcfilelist",
			);
			name = "[CP] Embed Pods Frameworks";
			outputFileListPaths = (
				"${PODS_ROOT}/Target Support Files/Pods-Promobit-Contatos-Promobit-ContatosUITests/Pods-Promobit-Contatos-Promobit-ContatosUITests-frameworks-${CONFIGURATION}-output-files.xcfilelist",
			);
			runOnlyForDeploymentPostprocessing = 0;
			shellPath = /bin/sh;
			shellScript = "\"${PODS_ROOT}/Target Support Files/Pods-Promobit-Contatos-Promobit-ContatosUITests/Pods-Promobit-Contatos-Promobit-ContatosUITests-frameworks.sh\"\n";
			showEnvVarsInLog = 0;
		};
		3D8F72BD5EE0660740D738D3 /* [CP] Check Pods Manifest.lock */ = {
			isa = PBXShellScriptBuildPhase;
			buildActionMask = 2147483647;
			files = (
			);
			inputFileListPaths = (
			);
			inputPaths = (
				"${PODS_PODFILE_DIR_PATH}/Podfile.lock",
				"${PODS_ROOT}/Manifest.lock",
			);
			name = "[CP] Check Pods Manifest.lock";
			outputFileListPaths = (
			);
			outputPaths = (
				"$(DERIVED_FILE_DIR)/Pods-Promobit-Contatos-Promobit-ContatosUITests-checkManifestLockResult.txt",
			);
			runOnlyForDeploymentPostprocessing = 0;
			shellPath = /bin/sh;
			shellScript = "diff \"${PODS_PODFILE_DIR_PATH}/Podfile.lock\" \"${PODS_ROOT}/Manifest.lock\" > /dev/null\nif [ $? != 0 ] ; then\n    # print error to STDERR\n    echo \"error: The sandbox is not in sync with the Podfile.lock. Run 'pod install' or update your CocoaPods installation.\" >&2\n    exit 1\nfi\n# This output is used by Xcode 'outputs' to avoid re-running this script phase.\necho \"SUCCESS\" > \"${SCRIPT_OUTPUT_FILE_0}\"\n";
			showEnvVarsInLog = 0;
		};
		6DB3E16BB63AAB3573661D67 /* [CP] Check Pods Manifest.lock */ = {
			isa = PBXShellScriptBuildPhase;
			buildActionMask = 2147483647;
			files = (
			);
			inputFileListPaths = (
			);
			inputPaths = (
				"${PODS_PODFILE_DIR_PATH}/Podfile.lock",
				"${PODS_ROOT}/Manifest.lock",
			);
			name = "[CP] Check Pods Manifest.lock";
			outputFileListPaths = (
			);
			outputPaths = (
				"$(DERIVED_FILE_DIR)/Pods-Promobit-Contatos-checkManifestLockResult.txt",
			);
			runOnlyForDeploymentPostprocessing = 0;
			shellPath = /bin/sh;
			shellScript = "diff \"${PODS_PODFILE_DIR_PATH}/Podfile.lock\" \"${PODS_ROOT}/Manifest.lock\" > /dev/null\nif [ $? != 0 ] ; then\n    # print error to STDERR\n    echo \"error: The sandbox is not in sync with the Podfile.lock. Run 'pod install' or update your CocoaPods installation.\" >&2\n    exit 1\nfi\n# This output is used by Xcode 'outputs' to avoid re-running this script phase.\necho \"SUCCESS\" > \"${SCRIPT_OUTPUT_FILE_0}\"\n";
			showEnvVarsInLog = 0;
		};
		7E6523809172BC4D1432A002 /* [CP] Check Pods Manifest.lock */ = {
			isa = PBXShellScriptBuildPhase;
			buildActionMask = 2147483647;
			files = (
			);
			inputFileListPaths = (
			);
			inputPaths = (
				"${PODS_PODFILE_DIR_PATH}/Podfile.lock",
				"${PODS_ROOT}/Manifest.lock",
			);
			name = "[CP] Check Pods Manifest.lock";
			outputFileListPaths = (
			);
			outputPaths = (
				"$(DERIVED_FILE_DIR)/Pods-Promobit-ContatosTests-checkManifestLockResult.txt",
			);
			runOnlyForDeploymentPostprocessing = 0;
			shellPath = /bin/sh;
			shellScript = "diff \"${PODS_PODFILE_DIR_PATH}/Podfile.lock\" \"${PODS_ROOT}/Manifest.lock\" > /dev/null\nif [ $? != 0 ] ; then\n    # print error to STDERR\n    echo \"error: The sandbox is not in sync with the Podfile.lock. Run 'pod install' or update your CocoaPods installation.\" >&2\n    exit 1\nfi\n# This output is used by Xcode 'outputs' to avoid re-running this script phase.\necho \"SUCCESS\" > \"${SCRIPT_OUTPUT_FILE_0}\"\n";
			showEnvVarsInLog = 0;
		};
		CE9EE8973C78058C10BDCCF3 /* [CP] Embed Pods Frameworks */ = {
			isa = PBXShellScriptBuildPhase;
			buildActionMask = 2147483647;
			files = (
			);
			inputFileListPaths = (
				"${PODS_ROOT}/Target Support Files/Pods-Promobit-Contatos/Pods-Promobit-Contatos-frameworks-${CONFIGURATION}-input-files.xcfilelist",
			);
			name = "[CP] Embed Pods Frameworks";
			outputFileListPaths = (
				"${PODS_ROOT}/Target Support Files/Pods-Promobit-Contatos/Pods-Promobit-Contatos-frameworks-${CONFIGURATION}-output-files.xcfilelist",
			);
			runOnlyForDeploymentPostprocessing = 0;
			shellPath = /bin/sh;
			shellScript = "\"${PODS_ROOT}/Target Support Files/Pods-Promobit-Contatos/Pods-Promobit-Contatos-frameworks.sh\"\n";
			showEnvVarsInLog = 0;
		};
/* End PBXShellScriptBuildPhase section */

/* Begin PBXSourcesBuildPhase section */
		94663575262DE4C200F848B8 /* Sources */ = {
			isa = PBXSourcesBuildPhase;
			buildActionMask = 2147483647;
			files = (
				9466378E262FAE9300F848B8 /* RestAPI.swift in Sources */,
				94663683262E53F600F848B8 /* SidebarViewController.m in Sources */,
				94663581262DE4C200F848B8 /* ViewController.swift in Sources */,
				94879E712631EA5B00E13731 /* Reachability.m in Sources */,
				946637A4263088B600F848B8 /* product.swift in Sources */,
				9466357D262DE4C200F848B8 /* AppDelegate.swift in Sources */,
				94879E792631EAB300E13731 /* Internet.swift in Sources */,
				94594DBE2631C0DE00978259 /* Inserir+AlterarViewController.swift in Sources */,
				946637932630441F00F848B8 /* ContatoModel.swift in Sources */,
				9466357F262DE4C200F848B8 /* SceneDelegate.swift in Sources */,
				94663695262E693600F848B8 /* ContatosCell.swift in Sources */,
				94663682262E53F600F848B8 /* SWRevealViewController.m in Sources */,
			);
			runOnlyForDeploymentPostprocessing = 0;
		};
		9466358B262DE4CB00F848B8 /* Sources */ = {
			isa = PBXSourcesBuildPhase;
			buildActionMask = 2147483647;
			files = (
				94663594262DE4CB00F848B8 /* Promobit_ContatosTests.swift in Sources */,
			);
			runOnlyForDeploymentPostprocessing = 0;
		};
		94663596262DE4CB00F848B8 /* Sources */ = {
			isa = PBXSourcesBuildPhase;
			buildActionMask = 2147483647;
			files = (
				9466359F262DE4CB00F848B8 /* Promobit_ContatosUITests.swift in Sources */,
			);
			runOnlyForDeploymentPostprocessing = 0;
		};
/* End PBXSourcesBuildPhase section */

/* Begin PBXTargetDependency section */
		94663591262DE4CB00F848B8 /* PBXTargetDependency */ = {
			isa = PBXTargetDependency;
			target = 94663578262DE4C200F848B8 /* Promobit-Contatos */;
			targetProxy = 94663590262DE4CB00F848B8 /* PBXContainerItemProxy */;
		};
		9466359C262DE4CB00F848B8 /* PBXTargetDependency */ = {
			isa = PBXTargetDependency;
			target = 94663578262DE4C200F848B8 /* Promobit-Contatos */;
			targetProxy = 9466359B262DE4CB00F848B8 /* PBXContainerItemProxy */;
		};
/* End PBXTargetDependency section */

/* Begin PBXVariantGroup section */
		94663582262DE4C200F848B8 /* Main.storyboard */ = {
			isa = PBXVariantGroup;
			children = (
				94663583262DE4C200F848B8 /* Base */,
			);
			name = Main.storyboard;
			sourceTree = "<group>";
		};
		94663587262DE4CB00F848B8 /* LaunchScreen.storyboard */ = {
			isa = PBXVariantGroup;
			children = (
				94663588262DE4CB00F848B8 /* Base */,
			);
			name = LaunchScreen.storyboard;
			sourceTree = "<group>";
		};
/* End PBXVariantGroup section */

/* Begin XCBuildConfiguration section */
		946635A1262DE4CB00F848B8 /* Debug */ = {
			isa = XCBuildConfiguration;
			buildSettings = {
				ALWAYS_SEARCH_USER_PATHS = NO;
				CLANG_ANALYZER_NONNULL = YES;
				CLANG_ANALYZER_NUMBER_OBJECT_CONVERSION = YES_AGGRESSIVE;
				CLANG_CXX_LANGUAGE_STANDARD = "gnu++14";
				CLANG_CXX_LIBRARY = "libc++";
				CLANG_ENABLE_MODULES = YES;
				CLANG_ENABLE_OBJC_ARC = YES;
				CLANG_ENABLE_OBJC_WEAK = YES;
				CLANG_WARN_BLOCK_CAPTURE_AUTORELEASING = YES;
				CLANG_WARN_BOOL_CONVERSION = YES;
				CLANG_WARN_COMMA = YES;
				CLANG_WARN_CONSTANT_CONVERSION = YES;
				CLANG_WARN_DEPRECATED_OBJC_IMPLEMENTATIONS = YES;
				CLANG_WARN_DIRECT_OBJC_ISA_USAGE = YES_ERROR;
				CLANG_WARN_DOCUMENTATION_COMMENTS = YES;
				CLANG_WARN_EMPTY_BODY = YES;
				CLANG_WARN_ENUM_CONVERSION = YES;
				CLANG_WARN_INFINITE_RECURSION = YES;
				CLANG_WARN_INT_CONVERSION = YES;
				CLANG_WARN_NON_LITERAL_NULL_CONVERSION = YES;
				CLANG_WARN_OBJC_IMPLICIT_RETAIN_SELF = YES;
				CLANG_WARN_OBJC_LITERAL_CONVERSION = YES;
				CLANG_WARN_OBJC_ROOT_CLASS = YES_ERROR;
				CLANG_WARN_QUOTED_INCLUDE_IN_FRAMEWORK_HEADER = YES;
				CLANG_WARN_RANGE_LOOP_ANALYSIS = YES;
				CLANG_WARN_STRICT_PROTOTYPES = YES;
				CLANG_WARN_SUSPICIOUS_MOVE = YES;
				CLANG_WARN_UNGUARDED_AVAILABILITY = YES_AGGRESSIVE;
				CLANG_WARN_UNREACHABLE_CODE = YES;
				CLANG_WARN__DUPLICATE_METHOD_MATCH = YES;
				COPY_PHASE_STRIP = NO;
				DEBUG_INFORMATION_FORMAT = dwarf;
				ENABLE_STRICT_OBJC_MSGSEND = YES;
				ENABLE_TESTABILITY = YES;
				GCC_C_LANGUAGE_STANDARD = gnu11;
				GCC_DYNAMIC_NO_PIC = NO;
				GCC_NO_COMMON_BLOCKS = YES;
				GCC_OPTIMIZATION_LEVEL = 0;
				GCC_PREPROCESSOR_DEFINITIONS = (
					"DEBUG=1",
					"$(inherited)",
				);
				GCC_WARN_64_TO_32_BIT_CONVERSION = YES;
				GCC_WARN_ABOUT_RETURN_TYPE = YES_ERROR;
				GCC_WARN_UNDECLARED_SELECTOR = YES;
				GCC_WARN_UNINITIALIZED_AUTOS = YES_AGGRESSIVE;
				GCC_WARN_UNUSED_FUNCTION = YES;
				GCC_WARN_UNUSED_VARIABLE = YES;
				IPHONEOS_DEPLOYMENT_TARGET = 14.4;
				MTL_ENABLE_DEBUG_INFO = INCLUDE_SOURCE;
				MTL_FAST_MATH = YES;
				ONLY_ACTIVE_ARCH = YES;
				SDKROOT = iphoneos;
				SWIFT_ACTIVE_COMPILATION_CONDITIONS = DEBUG;
				SWIFT_OPTIMIZATION_LEVEL = "-Onone";
			};
			name = Debug;
		};
		946635A2262DE4CB00F848B8 /* Release */ = {
			isa = XCBuildConfiguration;
			buildSettings = {
				ALWAYS_SEARCH_USER_PATHS = NO;
				CLANG_ANALYZER_NONNULL = YES;
				CLANG_ANALYZER_NUMBER_OBJECT_CONVERSION = YES_AGGRESSIVE;
				CLANG_CXX_LANGUAGE_STANDARD = "gnu++14";
				CLANG_CXX_LIBRARY = "libc++";
				CLANG_ENABLE_MODULES = YES;
				CLANG_ENABLE_OBJC_ARC = YES;
				CLANG_ENABLE_OBJC_WEAK = YES;
				CLANG_WARN_BLOCK_CAPTURE_AUTORELEASING = YES;
				CLANG_WARN_BOOL_CONVERSION = YES;
				CLANG_WARN_COMMA = YES;
				CLANG_WARN_CONSTANT_CONVERSION = YES;
				CLANG_WARN_DEPRECATED_OBJC_IMPLEMENTATIONS = YES;
				CLANG_WARN_DIRECT_OBJC_ISA_USAGE = YES_ERROR;
				CLANG_WARN_DOCUMENTATION_COMMENTS = YES;
				CLANG_WARN_EMPTY_BODY = YES;
				CLANG_WARN_ENUM_CONVERSION = YES;
				CLANG_WARN_INFINITE_RECURSION = YES;
				CLANG_WARN_INT_CONVERSION = YES;
				CLANG_WARN_NON_LITERAL_NULL_CONVERSION = YES;
				CLANG_WARN_OBJC_IMPLICIT_RETAIN_SELF = YES;
				CLANG_WARN_OBJC_LITERAL_CONVERSION = YES;
				CLANG_WARN_OBJC_ROOT_CLASS = YES_ERROR;
				CLANG_WARN_QUOTED_INCLUDE_IN_FRAMEWORK_HEADER = YES;
				CLANG_WARN_RANGE_LOOP_ANALYSIS = YES;
				CLANG_WARN_STRICT_PROTOTYPES = YES;
				CLANG_WARN_SUSPICIOUS_MOVE = YES;
				CLANG_WARN_UNGUARDED_AVAILABILITY = YES_AGGRESSIVE;
				CLANG_WARN_UNREACHABLE_CODE = YES;
				CLANG_WARN__DUPLICATE_METHOD_MATCH = YES;
				COPY_PHASE_STRIP = NO;
				DEBUG_INFORMATION_FORMAT = "dwarf-with-dsym";
				ENABLE_NS_ASSERTIONS = NO;
				ENABLE_STRICT_OBJC_MSGSEND = YES;
				GCC_C_LANGUAGE_STANDARD = gnu11;
				GCC_NO_COMMON_BLOCKS = YES;
				GCC_WARN_64_TO_32_BIT_CONVERSION = YES;
				GCC_WARN_ABOUT_RETURN_TYPE = YES_ERROR;
				GCC_WARN_UNDECLARED_SELECTOR = YES;
				GCC_WARN_UNINITIALIZED_AUTOS = YES_AGGRESSIVE;
				GCC_WARN_UNUSED_FUNCTION = YES;
				GCC_WARN_UNUSED_VARIABLE = YES;
				IPHONEOS_DEPLOYMENT_TARGET = 14.4;
				MTL_ENABLE_DEBUG_INFO = NO;
				MTL_FAST_MATH = YES;
				SDKROOT = iphoneos;
				SWIFT_COMPILATION_MODE = wholemodule;
				SWIFT_OPTIMIZATION_LEVEL = "-O";
				VALIDATE_PRODUCT = YES;
			};
			name = Release;
		};
		946635A4262DE4CB00F848B8 /* Debug */ = {
			isa = XCBuildConfiguration;
			baseConfigurationReference = 438EA22BB9E66859A696D15E /* Pods-Promobit-Contatos.debug.xcconfig */;
			buildSettings = {
				ASSETCATALOG_COMPILER_APPICON_NAME = AppIcon;
				ASSETCATALOG_COMPILER_GLOBAL_ACCENT_COLOR_NAME = AccentColor;
				CLANG_ENABLE_MODULES = YES;
				CODE_SIGN_STYLE = Automatic;
				INFOPLIST_FILE = "Promobit-Contatos/Info.plist";
				LD_RUNPATH_SEARCH_PATHS = (
					"$(inherited)",
					"@executable_path/Frameworks",
				);
				PRODUCT_BUNDLE_IDENTIFIER = "FabricioAguiar.Promobit-Contatos";
				PRODUCT_NAME = "$(TARGET_NAME)";
				SWIFT_OBJC_BRIDGING_HEADER = "Promobit-Contatos/Drawer/Promobit-Contatos-Bridging-Header.h";
				SWIFT_OPTIMIZATION_LEVEL = "-Onone";
				SWIFT_VERSION = 5.0;
				TARGETED_DEVICE_FAMILY = "1,2";
			};
			name = Debug;
		};
		946635A5262DE4CB00F848B8 /* Release */ = {
			isa = XCBuildConfiguration;
			baseConfigurationReference = 490421A97565A22188D30B49 /* Pods-Promobit-Contatos.release.xcconfig */;
			buildSettings = {
				ASSETCATALOG_COMPILER_APPICON_NAME = AppIcon;
				ASSETCATALOG_COMPILER_GLOBAL_ACCENT_COLOR_NAME = AccentColor;
				CLANG_ENABLE_MODULES = YES;
				CODE_SIGN_STYLE = Automatic;
				INFOPLIST_FILE = "Promobit-Contatos/Info.plist";
				LD_RUNPATH_SEARCH_PATHS = (
					"$(inherited)",
					"@executable_path/Frameworks",
				);
				PRODUCT_BUNDLE_IDENTIFIER = "FabricioAguiar.Promobit-Contatos";
				PRODUCT_NAME = "$(TARGET_NAME)";
				SWIFT_OBJC_BRIDGING_HEADER = "Promobit-Contatos/Drawer/Promobit-Contatos-Bridging-Header.h";
				SWIFT_VERSION = 5.0;
				TARGETED_DEVICE_FAMILY = "1,2";
			};
			name = Release;
		};
		946635A7262DE4CB00F848B8 /* Debug */ = {
			isa = XCBuildConfiguration;
			baseConfigurationReference = 6A728020C3D896FD704E554F /* Pods-Promobit-ContatosTests.debug.xcconfig */;
			buildSettings = {
				ALWAYS_EMBED_SWIFT_STANDARD_LIBRARIES = YES;
				BUNDLE_LOADER = "$(TEST_HOST)";
				CODE_SIGN_STYLE = Automatic;
				INFOPLIST_FILE = "Promobit-ContatosTests/Info.plist";
				IPHONEOS_DEPLOYMENT_TARGET = 14.4;
				LD_RUNPATH_SEARCH_PATHS = (
					"$(inherited)",
					"@executable_path/Frameworks",
					"@loader_path/Frameworks",
				);
				PRODUCT_BUNDLE_IDENTIFIER = "FabricioAguiar.Promobit-ContatosTests";
				PRODUCT_NAME = "$(TARGET_NAME)";
				SWIFT_VERSION = 5.0;
				TARGETED_DEVICE_FAMILY = "1,2";
				TEST_HOST = "$(BUILT_PRODUCTS_DIR)/Promobit-Contatos.app/Promobit-Contatos";
			};
			name = Debug;
		};
		946635A8262DE4CB00F848B8 /* Release */ = {
			isa = XCBuildConfiguration;
			baseConfigurationReference = 93430D638CCB5022DBFEDB21 /* Pods-Promobit-ContatosTests.release.xcconfig */;
			buildSettings = {
				ALWAYS_EMBED_SWIFT_STANDARD_LIBRARIES = YES;
				BUNDLE_LOADER = "$(TEST_HOST)";
				CODE_SIGN_STYLE = Automatic;
				INFOPLIST_FILE = "Promobit-ContatosTests/Info.plist";
				IPHONEOS_DEPLOYMENT_TARGET = 14.4;
				LD_RUNPATH_SEARCH_PATHS = (
					"$(inherited)",
					"@executable_path/Frameworks",
					"@loader_path/Frameworks",
				);
				PRODUCT_BUNDLE_IDENTIFIER = "FabricioAguiar.Promobit-ContatosTests";
				PRODUCT_NAME = "$(TARGET_NAME)";
				SWIFT_VERSION = 5.0;
				TARGETED_DEVICE_FAMILY = "1,2";
				TEST_HOST = "$(BUILT_PRODUCTS_DIR)/Promobit-Contatos.app/Promobit-Contatos";
			};
			name = Release;
		};
		946635AA262DE4CB00F848B8 /* Debug */ = {
			isa = XCBuildConfiguration;
			baseConfigurationReference = F6F6F290F63A857D60EB2039 /* Pods-Promobit-Contatos-Promobit-ContatosUITests.debug.xcconfig */;
			buildSettings = {
				ALWAYS_EMBED_SWIFT_STANDARD_LIBRARIES = YES;
				CODE_SIGN_STYLE = Automatic;
				INFOPLIST_FILE = "Promobit-ContatosUITests/Info.plist";
				LD_RUNPATH_SEARCH_PATHS = (
					"$(inherited)",
					"@executable_path/Frameworks",
					"@loader_path/Frameworks",
				);
				PRODUCT_BUNDLE_IDENTIFIER = "FabricioAguiar.Promobit-ContatosUITests";
				PRODUCT_NAME = "$(TARGET_NAME)";
				SWIFT_VERSION = 5.0;
				TARGETED_DEVICE_FAMILY = "1,2";
				TEST_TARGET_NAME = "Promobit-Contatos";
			};
			name = Debug;
		};
		946635AB262DE4CB00F848B8 /* Release */ = {
			isa = XCBuildConfiguration;
			baseConfigurationReference = 57D7B2E4022FD3ACA5E8566D /* Pods-Promobit-Contatos-Promobit-ContatosUITests.release.xcconfig */;
			buildSettings = {
				ALWAYS_EMBED_SWIFT_STANDARD_LIBRARIES = YES;
				CODE_SIGN_STYLE = Automatic;
				INFOPLIST_FILE = "Promobit-ContatosUITests/Info.plist";
				LD_RUNPATH_SEARCH_PATHS = (
					"$(inherited)",
					"@executable_path/Frameworks",
					"@loader_path/Frameworks",
				);
				PRODUCT_BUNDLE_IDENTIFIER = "FabricioAguiar.Promobit-ContatosUITests";
				PRODUCT_NAME = "$(TARGET_NAME)";
				SWIFT_VERSION = 5.0;
				TARGETED_DEVICE_FAMILY = "1,2";
				TEST_TARGET_NAME = "Promobit-Contatos";
			};
			name = Release;
		};
/* End XCBuildConfiguration section */

/* Begin XCConfigurationList section */
		94663574262DE4C200F848B8 /* Build configuration list for PBXProject "Promobit-Contatos" */ = {
			isa = XCConfigurationList;
			buildConfigurations = (
				946635A1262DE4CB00F848B8 /* Debug */,
				946635A2262DE4CB00F848B8 /* Release */,
			);
			defaultConfigurationIsVisible = 0;
			defaultConfigurationName = Release;
		};
		946635A3262DE4CB00F848B8 /* Build configuration list for PBXNativeTarget "Promobit-Contatos" */ = {
			isa = XCConfigurationList;
			buildConfigurations = (
				946635A4262DE4CB00F848B8 /* Debug */,
				946635A5262DE4CB00F848B8 /* Release */,
			);
			defaultConfigurationIsVisible = 0;
			defaultConfigurationName = Release;
		};
		946635A6262DE4CB00F848B8 /* Build configuration list for PBXNativeTarget "Promobit-ContatosTests" */ = {
			isa = XCConfigurationList;
			buildConfigurations = (
				946635A7262DE4CB00F848B8 /* Debug */,
				946635A8262DE4CB00F848B8 /* Release */,
			);
			defaultConfigurationIsVisible = 0;
			defaultConfigurationName = Release;
		};
		946635A9262DE4CB00F848B8 /* Build configuration list for PBXNativeTarget "Promobit-ContatosUITests" */ = {
			isa = XCConfigurationList;
			buildConfigurations = (
				946635AA262DE4CB00F848B8 /* Debug */,
				946635AB262DE4CB00F848B8 /* Release */,
			);
			defaultConfigurationIsVisible = 0;
			defaultConfigurationName = Release;
		};
/* End XCConfigurationList section */
	};
	rootObject = 94663571262DE4C200F848B8 /* Project object */;
}
